
Microsoft Visual Studio Solution File, Format Version 12.00
# Visual Studio Version 17
VisualStudioVersion = 17.10.35013.160
MinimumVisualStudioVersion = 10.0.40219.1
Project("{8BC9CEB8-8B4A-11D0-8D11-00A0C91BC942}") = "RenZhaiEngine", "Source\RenZhaiEngine\RenZhaiEngine.vcxproj", "{E2D9491C-4AC8-4C0D-B527-FD72E3634400}"
	ProjectSection(ProjectDependencies) = postProject
		{7640FD60-DCF5-498F-96D4-FCE518951EA4} = {7640FD60-DCF5-498F-96D4-FCE518951EA4}
		{31A06267-6C17-46A0-9C3E-0805F1301967} = {31A06267-6C17-46A0-9C3E-0805F1301967}
		{B16C4868-E07A-44F7-9B8D-A00398A75E38} = {B16C4868-E07A-44F7-9B8D-A00398A75E38}
		{F96B09B2-F8EB-4F3B-8886-C721762C9B5E} = {F96B09B2-F8EB-4F3B-8886-C721762C9B5E}
		{746905F6-61F8-4E84-9232-7B8532685B7E} = {746905F6-61F8-4E84-9232-7B8532685B7E}
	EndProjectSection
EndProject
Project("{8BC9CEB8-8B4A-11D0-8D11-00A0C91BC942}") = "RenZhaiBuildTool", "Source\RenZhaiBuildTool\RenZhaiBuildTool.vcxproj", "{5C439C0A-F04B-4717-A83B-9E9F88E4E34B}"
	ProjectSection(ProjectDependencies) = postProject
		{31A06267-6C17-46A0-9C3E-0805F1301967} = {31A06267-6C17-46A0-9C3E-0805F1301967}
		{746905F6-61F8-4E84-9232-7B8532685B7E} = {746905F6-61F8-4E84-9232-7B8532685B7E}
	EndProjectSection
EndProject
Project("{8BC9CEB8-8B4A-11D0-8D11-00A0C91BC942}") = "RenZhaiMeshImportExportTool", "Source\RenZhaiMeshImportExportTool\RenZhaiMeshImportExportTool.vcxproj", "{B16C4868-E07A-44F7-9B8D-A00398A75E38}"
	ProjectSection(ProjectDependencies) = postProject
		{31A06267-6C17-46A0-9C3E-0805F1301967} = {31A06267-6C17-46A0-9C3E-0805F1301967}
		{746905F6-61F8-4E84-9232-7B8532685B7E} = {746905F6-61F8-4E84-9232-7B8532685B7E}
	EndProjectSection
EndProject
Project("{8BC9CEB8-8B4A-11D0-8D11-00A0C91BC942}") = "SimpleBaseLibrary", "Source\SimpleBaseLibrary\SimpleBaseLibrary.vcxproj", "{746905F6-61F8-4E84-9232-7B8532685B7E}"
EndProject
Project("{8BC9CEB8-8B4A-11D0-8D11-00A0C91BC942}") = "RenZhaiEngineCore", "Source\RenZhaiEngineCore\RenZhaiEngineCore.vcxproj", "{31A06267-6C17-46A0-9C3E-0805F1301967}"
EndProject
Project("{2150E333-8FDC-42A3-9474-1A3956D46DE8}") = "Engine", "Engine", "{F08948F5-F1EB-4244-B568-BCB0C76CF8CF}"
EndProject
Project("{2150E333-8FDC-42A3-9474-1A3956D46DE8}") = "Programs", "Programs", "{E82F3E3D-3A6A-46FA-B43E-3B34D52911DB}"
EndProject
Project("{8BC9CEB8-8B4A-11D0-8D11-00A0C91BC942}") = "RenZhaiCoreObject", "Source\RenZhaiCoreObject\RenZhaiCoreObject.vcxproj", "{F96B09B2-F8EB-4F3B-8886-C721762C9B5E}"
	ProjectSection(ProjectDependencies) = postProject
		{31A06267-6C17-46A0-9C3E-0805F1301967} = {31A06267-6C17-46A0-9C3E-0805F1301967}
		{746905F6-61F8-4E84-9232-7B8532685B7E} = {746905F6-61F8-4E84-9232-7B8532685B7E}
	EndProjectSection
EndProject
Project("{8BC9CEB8-8B4A-11D0-8D11-00A0C91BC942}") = "RenZhaiAssetHandle", "Source\RenZhaiAssetHandle\RenZhaiAssetHandle.vcxproj", "{7640FD60-DCF5-498F-96D4-FCE518951EA4}"
	ProjectSection(ProjectDependencies) = postProject
		{31A06267-6C17-46A0-9C3E-0805F1301967} = {31A06267-6C17-46A0-9C3E-0805F1301967}
		{F96B09B2-F8EB-4F3B-8886-C721762C9B5E} = {F96B09B2-F8EB-4F3B-8886-C721762C9B5E}
		{746905F6-61F8-4E84-9232-7B8532685B7E} = {746905F6-61F8-4E84-9232-7B8532685B7E}
	EndProjectSection
EndProject
Project("{8BC9CEB8-8B4A-11D0-8D11-00A0C91BC942}") = "DirectX12Lib", "Source\DirectX12Lib\DirectX12Lib.vcxproj", "{C6A1ADA3-33A3-4009-8E63-78FC5C792090}"
EndProject
Project("{8BC9CEB8-8B4A-11D0-8D11-00A0C91BC942}") = "DirectXTex", "Source\DirectXTex\DirectXTex\DirectXTex_Desktop_2022.vcxproj", "{371B9FA9-4C90-4AC6-A123-ACED756D6C77}"
EndProject
Global
	GlobalSection(SolutionConfigurationPlatforms) = preSolution
		Debug|ARM64 = Debug|ARM64
		Debug|x64 = Debug|x64
		Debug|x86 = Debug|x86
		Profile|ARM64 = Profile|ARM64
		Profile|x64 = Profile|x64
		Profile|x86 = Profile|x86
		Release|ARM64 = Release|ARM64
		Release|x64 = Release|x64
		Release|x86 = Release|x86
	EndGlobalSection
	GlobalSection(ProjectConfigurationPlatforms) = postSolution
		{E2D9491C-4AC8-4C0D-B527-FD72E3634400}.Debug|ARM64.ActiveCfg = Debug|x64
		{E2D9491C-4AC8-4C0D-B527-FD72E3634400}.Debug|ARM64.Build.0 = Debug|x64
		{E2D9491C-4AC8-4C0D-B527-FD72E3634400}.Debug|x64.ActiveCfg = Debug|x64
		{E2D9491C-4AC8-4C0D-B527-FD72E3634400}.Debug|x64.Build.0 = Debug|x64
		{E2D9491C-4AC8-4C0D-B527-FD72E3634400}.Debug|x86.ActiveCfg = Debug|x64
		{E2D9491C-4AC8-4C0D-B527-FD72E3634400}.Debug|x86.Build.0 = Debug|x64
		{E2D9491C-4AC8-4C0D-B527-FD72E3634400}.Profile|ARM64.ActiveCfg = Release|x64
		{E2D9491C-4AC8-4C0D-B527-FD72E3634400}.Profile|ARM64.Build.0 = Release|x64
		{E2D9491C-4AC8-4C0D-B527-FD72E3634400}.Profile|x64.ActiveCfg = Release|x64
		{E2D9491C-4AC8-4C0D-B527-FD72E3634400}.Profile|x64.Build.0 = Release|x64
		{E2D9491C-4AC8-4C0D-B527-FD72E3634400}.Profile|x86.ActiveCfg = Debug|Win32
		{E2D9491C-4AC8-4C0D-B527-FD72E3634400}.Profile|x86.Build.0 = Debug|Win32
		{E2D9491C-4AC8-4C0D-B527-FD72E3634400}.Release|ARM64.ActiveCfg = Release|x64
		{E2D9491C-4AC8-4C0D-B527-FD72E3634400}.Release|ARM64.Build.0 = Release|x64
		{E2D9491C-4AC8-4C0D-B527-FD72E3634400}.Release|x64.ActiveCfg = Release|x64
		{E2D9491C-4AC8-4C0D-B527-FD72E3634400}.Release|x64.Build.0 = Release|x64
		{E2D9491C-4AC8-4C0D-B527-FD72E3634400}.Release|x86.ActiveCfg = Release|Win32
		{E2D9491C-4AC8-4C0D-B527-FD72E3634400}.Release|x86.Build.0 = Release|Win32
		{5C439C0A-F04B-4717-A83B-9E9F88E4E34B}.Debug|ARM64.ActiveCfg = Debug|x64
		{5C439C0A-F04B-4717-A83B-9E9F88E4E34B}.Debug|ARM64.Build.0 = Debug|x64
		{5C439C0A-F04B-4717-A83B-9E9F88E4E34B}.Debug|x64.ActiveCfg = Debug|x64
		{5C439C0A-F04B-4717-A83B-9E9F88E4E34B}.Debug|x64.Build.0 = Debug|x64
		{5C439C0A-F04B-4717-A83B-9E9F88E4E34B}.Debug|x86.ActiveCfg = Debug|x64
		{5C439C0A-F04B-4717-A83B-9E9F88E4E34B}.Debug|x86.Build.0 = Debug|x64
		{5C439C0A-F04B-4717-A83B-9E9F88E4E34B}.Profile|ARM64.ActiveCfg = Release|x64
		{5C439C0A-F04B-4717-A83B-9E9F88E4E34B}.Profile|ARM64.Build.0 = Release|x64
		{5C439C0A-F04B-4717-A83B-9E9F88E4E34B}.Profile|x64.ActiveCfg = Release|x64
		{5C439C0A-F04B-4717-A83B-9E9F88E4E34B}.Profile|x64.Build.0 = Release|x64
		{5C439C0A-F04B-4717-A83B-9E9F88E4E34B}.Profile|x86.ActiveCfg = Debug|Win32
		{5C439C0A-F04B-4717-A83B-9E9F88E4E34B}.Profile|x86.Build.0 = Debug|Win32
		{5C439C0A-F04B-4717-A83B-9E9F88E4E34B}.Release|ARM64.ActiveCfg = Release|x64
		{5C439C0A-F04B-4717-A83B-9E9F88E4E34B}.Release|ARM64.Build.0 = Release|x64
		{5C439C0A-F04B-4717-A83B-9E9F88E4E34B}.Release|x64.ActiveCfg = Release|x64
		{5C439C0A-F04B-4717-A83B-9E9F88E4E34B}.Release|x64.Build.0 = Release|x64
		{5C439C0A-F04B-4717-A83B-9E9F88E4E34B}.Release|x86.ActiveCfg = Release|Win32
		{5C439C0A-F04B-4717-A83B-9E9F88E4E34B}.Release|x86.Build.0 = Release|Win32
		{B16C4868-E07A-44F7-9B8D-A00398A75E38}.Debug|ARM64.ActiveCfg = Debug|x64
		{B16C4868-E07A-44F7-9B8D-A00398A75E38}.Debug|ARM64.Build.0 = Debug|x64
		{B16C4868-E07A-44F7-9B8D-A00398A75E38}.Debug|x64.ActiveCfg = Debug|x64
		{B16C4868-E07A-44F7-9B8D-A00398A75E38}.Debug|x64.Build.0 = Debug|x64
		{B16C4868-E07A-44F7-9B8D-A00398A75E38}.Debug|x86.ActiveCfg = Debug|x64
		{B16C4868-E07A-44F7-9B8D-A00398A75E38}.Debug|x86.Build.0 = Debug|x64
		{B16C4868-E07A-44F7-9B8D-A00398A75E38}.Profile|ARM64.ActiveCfg = Release|x64
		{B16C4868-E07A-44F7-9B8D-A00398A75E38}.Profile|ARM64.Build.0 = Release|x64
		{B16C4868-E07A-44F7-9B8D-A00398A75E38}.Profile|x64.ActiveCfg = Release|x64
		{B16C4868-E07A-44F7-9B8D-A00398A75E38}.Profile|x64.Build.0 = Release|x64
		{B16C4868-E07A-44F7-9B8D-A00398A75E38}.Profile|x86.ActiveCfg = Debug|Win32
		{B16C4868-E07A-44F7-9B8D-A00398A75E38}.Profile|x86.Build.0 = Debug|Win32
		{B16C4868-E07A-44F7-9B8D-A00398A75E38}.Release|ARM64.ActiveCfg = Release|x64
		{B16C4868-E07A-44F7-9B8D-A00398A75E38}.Release|ARM64.Build.0 = Release|x64
		{B16C4868-E07A-44F7-9B8D-A00398A75E38}.Release|x64.ActiveCfg = Release|x64
		{B16C4868-E07A-44F7-9B8D-A00398A75E38}.Release|x64.Build.0 = Release|x64
		{B16C4868-E07A-44F7-9B8D-A00398A75E38}.Release|x86.ActiveCfg = Release|Win32
		{B16C4868-E07A-44F7-9B8D-A00398A75E38}.Release|x86.Build.0 = Release|Win32
		{746905F6-61F8-4E84-9232-7B8532685B7E}.Debug|ARM64.ActiveCfg = Debug|x64
		{746905F6-61F8-4E84-9232-7B8532685B7E}.Debug|ARM64.Build.0 = Debug|x64
		{746905F6-61F8-4E84-9232-7B8532685B7E}.Debug|x64.ActiveCfg = Debug|x64
		{746905F6-61F8-4E84-9232-7B8532685B7E}.Debug|x64.Build.0 = Debug|x64
		{746905F6-61F8-4E84-9232-7B8532685B7E}.Debug|x86.ActiveCfg = Debug|x64
		{746905F6-61F8-4E84-9232-7B8532685B7E}.Debug|x86.Build.0 = Debug|x64
		{746905F6-61F8-4E84-9232-7B8532685B7E}.Profile|ARM64.ActiveCfg = Release|x64
		{746905F6-61F8-4E84-9232-7B8532685B7E}.Profile|ARM64.Build.0 = Release|x64
		{746905F6-61F8-4E84-9232-7B8532685B7E}.Profile|x64.ActiveCfg = Release|x64
		{746905F6-61F8-4E84-9232-7B8532685B7E}.Profile|x64.Build.0 = Release|x64
		{746905F6-61F8-4E84-9232-7B8532685B7E}.Profile|x86.ActiveCfg = Debug|Win32
		{746905F6-61F8-4E84-9232-7B8532685B7E}.Profile|x86.Build.0 = Debug|Win32
		{746905F6-61F8-4E84-9232-7B8532685B7E}.Release|ARM64.ActiveCfg = Release|x64
		{746905F6-61F8-4E84-9232-7B8532685B7E}.Release|ARM64.Build.0 = Release|x64
		{746905F6-61F8-4E84-9232-7B8532685B7E}.Release|x64.ActiveCfg = Release|x64
		{746905F6-61F8-4E84-9232-7B8532685B7E}.Release|x64.Build.0 = Release|x64
		{746905F6-61F8-4E84-9232-7B8532685B7E}.Release|x86.ActiveCfg = Release|Win32
		{746905F6-61F8-4E84-9232-7B8532685B7E}.Release|x86.Build.0 = Release|Win32
		{31A06267-6C17-46A0-9C3E-0805F1301967}.Debug|ARM64.ActiveCfg = Debug|x64
		{31A06267-6C17-46A0-9C3E-0805F1301967}.Debug|ARM64.Build.0 = Debug|x64
		{31A06267-6C17-46A0-9C3E-0805F1301967}.Debug|x64.ActiveCfg = Debug|x64
		{31A06267-6C17-46A0-9C3E-0805F1301967}.Debug|x64.Build.0 = Debug|x64
		{31A06267-6C17-46A0-9C3E-0805F1301967}.Debug|x86.ActiveCfg = Debug|Win32
		{31A06267-6C17-46A0-9C3E-0805F1301967}.Debug|x86.Build.0 = Debug|Win32
		{31A06267-6C17-46A0-9C3E-0805F1301967}.Profile|ARM64.ActiveCfg = Release|x64
		{31A06267-6C17-46A0-9C3E-0805F1301967}.Profile|ARM64.Build.0 = Release|x64
		{31A06267-6C17-46A0-9C3E-0805F1301967}.Profile|x64.ActiveCfg = Release|x64
		{31A06267-6C17-46A0-9C3E-0805F1301967}.Profile|x64.Build.0 = Release|x64
		{31A06267-6C17-46A0-9C3E-0805F1301967}.Profile|x86.ActiveCfg = Release|Win32
		{31A06267-6C17-46A0-9C3E-0805F1301967}.Profile|x86.Build.0 = Release|Win32
		{31A06267-6C17-46A0-9C3E-0805F1301967}.Release|ARM64.ActiveCfg = Release|x64
		{31A06267-6C17-46A0-9C3E-0805F1301967}.Release|ARM64.Build.0 = Release|x64
		{31A06267-6C17-46A0-9C3E-0805F1301967}.Release|x64.ActiveCfg = Release|x64
		{31A06267-6C17-46A0-9C3E-0805F1301967}.Release|x64.Build.0 = Release|x64
		{31A06267-6C17-46A0-9C3E-0805F1301967}.Release|x86.ActiveCfg = Release|Win32
		{31A06267-6C17-46A0-9C3E-0805F1301967}.Release|x86.Build.0 = Release|Win32
		{F96B09B2-F8EB-4F3B-8886-C721762C9B5E}.Debug|ARM64.ActiveCfg = Debug|x64
		{F96B09B2-F8EB-4F3B-8886-C721762C9B5E}.Debug|ARM64.Build.0 = Debug|x64
		{F96B09B2-F8EB-4F3B-8886-C721762C9B5E}.Debug|x64.ActiveCfg = Debug|x64
		{F96B09B2-F8EB-4F3B-8886-C721762C9B5E}.Debug|x64.Build.0 = Debug|x64
		{F96B09B2-F8EB-4F3B-8886-C721762C9B5E}.Debug|x86.ActiveCfg = Debug|Win32
		{F96B09B2-F8EB-4F3B-8886-C721762C9B5E}.Debug|x86.Build.0 = Debug|Win32
		{F96B09B2-F8EB-4F3B-8886-C721762C9B5E}.Profile|ARM64.ActiveCfg = Release|x64
		{F96B09B2-F8EB-4F3B-8886-C721762C9B5E}.Profile|ARM64.Build.0 = Release|x64
		{F96B09B2-F8EB-4F3B-8886-C721762C9B5E}.Profile|x64.ActiveCfg = Release|x64
		{F96B09B2-F8EB-4F3B-8886-C721762C9B5E}.Profile|x64.Build.0 = Release|x64
		{F96B09B2-F8EB-4F3B-8886-C721762C9B5E}.Profile|x86.ActiveCfg = Release|Win32
		{F96B09B2-F8EB-4F3B-8886-C721762C9B5E}.Profile|x86.Build.0 = Release|Win32
		{F96B09B2-F8EB-4F3B-8886-C721762C9B5E}.Release|ARM64.ActiveCfg = Release|x64
		{F96B09B2-F8EB-4F3B-8886-C721762C9B5E}.Release|ARM64.Build.0 = Release|x64
		{F96B09B2-F8EB-4F3B-8886-C721762C9B5E}.Release|x64.ActiveCfg = Release|x64
		{F96B09B2-F8EB-4F3B-8886-C721762C9B5E}.Release|x64.Build.0 = Release|x64
		{F96B09B2-F8EB-4F3B-8886-C721762C9B5E}.Release|x86.ActiveCfg = Release|Win32
		{F96B09B2-F8EB-4F3B-8886-C721762C9B5E}.Release|x86.Build.0 = Release|Win32
		{7640FD60-DCF5-498F-96D4-FCE518951EA4}.Debug|ARM64.ActiveCfg = Debug|x64
		{7640FD60-DCF5-498F-96D4-FCE518951EA4}.Debug|ARM64.Build.0 = Debug|x64
		{7640FD60-DCF5-498F-96D4-FCE518951EA4}.Debug|x64.ActiveCfg = Debug|x64
		{7640FD60-DCF5-498F-96D4-FCE518951EA4}.Debug|x64.Build.0 = Debug|x64
		{7640FD60-DCF5-498F-96D4-FCE518951EA4}.Debug|x86.ActiveCfg = Debug|Win32
		{7640FD60-DCF5-498F-96D4-FCE518951EA4}.Debug|x86.Build.0 = Debug|Win32
		{7640FD60-DCF5-498F-96D4-FCE518951EA4}.Profile|ARM64.ActiveCfg = Release|x64
		{7640FD60-DCF5-498F-96D4-FCE518951EA4}.Profile|ARM64.Build.0 = Release|x64
		{7640FD60-DCF5-498F-96D4-FCE518951EA4}.Profile|x64.ActiveCfg = Release|x64
		{7640FD60-DCF5-498F-96D4-FCE518951EA4}.Profile|x64.Build.0 = Release|x64
		{7640FD60-DCF5-498F-96D4-FCE518951EA4}.Profile|x86.ActiveCfg = Release|Win32
		{7640FD60-DCF5-498F-96D4-FCE518951EA4}.Profile|x86.Build.0 = Release|Win32
		{7640FD60-DCF5-498F-96D4-FCE518951EA4}.Release|ARM64.ActiveCfg = Release|x64
		{7640FD60-DCF5-498F-96D4-FCE518951EA4}.Release|ARM64.Build.0 = Release|x64
		{7640FD60-DCF5-498F-96D4-FCE518951EA4}.Release|x64.ActiveCfg = Release|x64
		{7640FD60-DCF5-498F-96D4-FCE518951EA4}.Release|x64.Build.0 = Release|x64
		{7640FD60-DCF5-498F-96D4-FCE518951EA4}.Release|x86.ActiveCfg = Release|Win32
		{7640FD60-DCF5-498F-96D4-FCE518951EA4}.Release|x86.Build.0 = Release|Win32
		{C6A1ADA3-33A3-4009-8E63-78FC5C792090}.Debug|ARM64.ActiveCfg = Debug|x64
		{C6A1ADA3-33A3-4009-8E63-78FC5C792090}.Debug|ARM64.Build.0 = Debug|x64
		{C6A1ADA3-33A3-4009-8E63-78FC5C792090}.Debug|x64.ActiveCfg = Debug|x64
		{C6A1ADA3-33A3-4009-8E63-78FC5C792090}.Debug|x64.Build.0 = Debug|x64
		{C6A1ADA3-33A3-4009-8E63-78FC5C792090}.Debug|x86.ActiveCfg = Debug|Win32
		{C6A1ADA3-33A3-4009-8E63-78FC5C792090}.Debug|x86.Build.0 = Debug|Win32
		{C6A1ADA3-33A3-4009-8E63-78FC5C792090}.Profile|ARM64.ActiveCfg = Debug|x64
		{C6A1ADA3-33A3-4009-8E63-78FC5C792090}.Profile|ARM64.Build.0 = Debug|x64
		{C6A1ADA3-33A3-4009-8E63-78FC5C792090}.Profile|x64.ActiveCfg = Debug|x64
		{C6A1ADA3-33A3-4009-8E63-78FC5C792090}.Profile|x64.Build.0 = Debug|x64
		{C6A1ADA3-33A3-4009-8E63-78FC5C792090}.Profile|x86.ActiveCfg = Debug|Win32
		{C6A1ADA3-33A3-4009-8E63-78FC5C792090}.Profile|x86.Build.0 = Debug|Win32
		{C6A1ADA3-33A3-4009-8E63-78FC5C792090}.Release|ARM64.ActiveCfg = Release|x64
		{C6A1ADA3-33A3-4009-8E63-78FC5C792090}.Release|ARM64.Build.0 = Release|x64
		{C6A1ADA3-33A3-4009-8E63-78FC5C792090}.Release|x64.ActiveCfg = Release|x64
		{C6A1ADA3-33A3-4009-8E63-78FC5C792090}.Release|x64.Build.0 = Release|x64
		{C6A1ADA3-33A3-4009-8E63-78FC5C792090}.Release|x86.ActiveCfg = Release|Win32
		{C6A1ADA3-33A3-4009-8E63-78FC5C792090}.Release|x86.Build.0 = Release|Win32
		{371B9FA9-4C90-4AC6-A123-ACED756D6C77}.Debug|ARM64.ActiveCfg = Debug|x64
		{371B9FA9-4C90-4AC6-A123-ACED756D6C77}.Debug|ARM64.Build.0 = Debug|x64
		{371B9FA9-4C90-4AC6-A123-ACED756D6C77}.Debug|x64.ActiveCfg = Debug|x64
		{371B9FA9-4C90-4AC6-A123-ACED756D6C77}.Debug|x64.Build.0 = Debug|x64
		{371B9FA9-4C90-4AC6-A123-ACED756D6C77}.Debug|x86.ActiveCfg = Debug|Win32
		{371B9FA9-4C90-4AC6-A123-ACED756D6C77}.Debug|x86.Build.0 = Debug|Win32
		{371B9FA9-4C90-4AC6-A123-ACED756D6C77}.Profile|ARM64.ActiveCfg = Profile|x64
		{371B9FA9-4C90-4AC6-A123-ACED756D6C77}.Profile|ARM64.Build.0 = Profile|x64
		{371B9FA9-4C90-4AC6-A123-ACED756D6C77}.Profile|x64.ActiveCfg = Profile|x64
		{371B9FA9-4C90-4AC6-A123-ACED756D6C77}.Profile|x64.Build.0 = Profile|x64
		{371B9FA9-4C90-4AC6-A123-ACED756D6C77}.Profile|x86.ActiveCfg = Profile|Win32
		{371B9FA9-4C90-4AC6-A123-ACED756D6C77}.Profile|x86.Build.0 = Profile|Win32
		{371B9FA9-4C90-4AC6-A123-ACED756D6C77}.Release|ARM64.ActiveCfg = Release|x64
		{371B9FA9-4C90-4AC6-A123-ACED756D6C77}.Release|ARM64.Build.0 = Release|x64
		{371B9FA9-4C90-4AC6-A123-ACED756D6C77}.Release|x64.ActiveCfg = Release|x64
		{371B9FA9-4C90-4AC6-A123-ACED756D6C77}.Release|x64.Build.0 = Release|x64
		{371B9FA9-4C90-4AC6-A123-ACED756D6C77}.Release|x86.ActiveCfg = Release|Win32
		{371B9FA9-4C90-4AC6-A123-ACED756D6C77}.Release|x86.Build.0 = Release|Win32
	EndGlobalSection
	GlobalSection(SolutionProperties) = preSolution
		HideSolutionNode = FALSE
	EndGlobalSection
	GlobalSection(NestedProjects) = preSolution
		{E2D9491C-4AC8-4C0D-B527-FD72E3634400} = {F08948F5-F1EB-4244-B568-BCB0C76CF8CF}
		{5C439C0A-F04B-4717-A83B-9E9F88E4E34B} = {E82F3E3D-3A6A-46FA-B43E-3B34D52911DB}
		{B16C4868-E07A-44F7-9B8D-A00398A75E38} = {E82F3E3D-3A6A-46FA-B43E-3B34D52911DB}
		{746905F6-61F8-4E84-9232-7B8532685B7E} = {E82F3E3D-3A6A-46FA-B43E-3B34D52911DB}
		{31A06267-6C17-46A0-9C3E-0805F1301967} = {E82F3E3D-3A6A-46FA-B43E-3B34D52911DB}
		{F96B09B2-F8EB-4F3B-8886-C721762C9B5E} = {E82F3E3D-3A6A-46FA-B43E-3B34D52911DB}
		{7640FD60-DCF5-498F-96D4-FCE518951EA4} = {E82F3E3D-3A6A-46FA-B43E-3B34D52911DB}
		{C6A1ADA3-33A3-4009-8E63-78FC5C792090} = {F08948F5-F1EB-4244-B568-BCB0C76CF8CF}
		{371B9FA9-4C90-4AC6-A123-ACED756D6C77} = {F08948F5-F1EB-4244-B568-BCB0C76CF8CF}
	EndGlobalSection
	GlobalSection(ExtensibilityGlobals) = postSolution
		SolutionGuid = {A256AFA9-926C-4845-930C-3951C0993DFA}
	EndGlobalSection
EndGlobal
