<?xml version="1.0" encoding="utf-8"?>
<Project ToolsVersion="4.0" xmlns="http://schemas.microsoft.com/developer/msbuild/2003">
  <ItemGroup>
    <Filter Include="Core">
      <UniqueIdentifier>{39B8F6BA-C184-493C-AFD2-13D747F3BAAD}</UniqueIdentifier>
    </Filter>
    <Filter Include="Core\FBX">
      <UniqueIdentifier>{F294762F-D6AB-43E5-97C8-A5907EFFBC86}</UniqueIdentifier>
    </Filter>
  </ItemGroup>
  <ItemGroup>
    <ClCompile Include="Core\FBX\FBXAssist.cpp">
      <Filter>Core\FBX</Filter>
    </ClCompile>
    <ClCompile Include="Core\FBX\FBXType.cpp">
      <Filter>Core\FBX</Filter>
    </ClCompile>
    <ClCompile Include="Core\FileStream.cpp">
      <Filter>Core</Filter>
    </ClCompile>
    <ClCompile Include="Core\IEPropertyObject.cpp">
      <Filter>Core</Filter>
    </ClCompile>
    <ClCompile Include="MeshImportExport.cpp" />
  </ItemGroup>
  <ItemGroup>
    <ClInclude Include="Core\FBX\FBXAssist.h">
      <Filter>Core\FBX</Filter>
    </ClInclude>
    <ClInclude Include="Core\FBX\FBXType.h">
      <Filter>Core\FBX</Filter>
    </ClInclude>
    <ClInclude Include="Core\FileStream.h">
      <Filter>Core</Filter>
    </ClInclude>
    <ClInclude Include="Core\IEPropertyObject.h">
      <Filter>Core</Filter>
    </ClInclude>
    <ClInclude Include="MeshImportExport.h" />
    <ClInclude Include="MeshImportExportTool.h" />
    <ClInclude Include="MeshImportExportToolMacro.h" />
    <ClInclude Include="MeshImportExportToolSkinnedType.h" />
    <ClInclude Include="MeshImportExportToolType.h" />
  </ItemGroup>
  <ItemGroup>
    <None Include="packages.config" />
  </ItemGroup>
</Project>